
Microsoft Visual Studio Solution File, Format Version 12.00
# Visual Studio Version 17
VisualStudioVersion = 17.7.34009.444
MinimumVisualStudioVersion = 10.0.40219.1
Project("{FAE04EC0-301F-11D3-BF4B-00C04F79EFBC}") = "UserApI", "UserApI\UserApI.csproj", "{D3F02E61-76FD-45A0-8CFD-44E3B6AB94EB}"
EndProject
Global
	GlobalSection(SolutionConfigurationPlatforms) = preSolution
		Debug|Any CPU = Debug|Any CPU
		Release|Any CPU = Release|Any CPU
	EndGlobalSection
	GlobalSection(ProjectConfigurationPlatforms) = postSolution
		{D3F02E61-76FD-45A0-8CFD-44E3B6AB94EB}.Debug|Any CPU.ActiveCfg = Debug|Any CPU
		{D3F02E61-76FD-45A0-8CFD-44E3B6AB94EB}.Debug|Any CPU.Build.0 = Debug|Any CPU
		{D3F02E61-76FD-45A0-8CFD-44E3B6AB94EB}.Release|Any CPU.ActiveCfg = Release|Any CPU
		{D3F02E61-76FD-45A0-8CFD-44E3B6AB94EB}.Release|Any CPU.Build.0 = Release|Any CPU
	EndGlobalSection
	GlobalSection(SolutionProperties) = preSolution
		HideSolutionNode = FALSE
	EndGlobalSection
	GlobalSection(ExtensibilityGlobals) = postSolution
		SolutionGuid = {11869612-E327-4613-863F-06661B81E4D6}
	EndGlobalSection
EndGlobal
